<?xml version="1.0" encoding="utf-8"?>
<Project ToolsVersion="4.0" xmlns:atg="http://atg.xbox.com" xmlns="http://schemas.microsoft.com/developer/msbuild/2003">
  <ItemGroup>
    <Filter Include="Resource Files">
      <UniqueIdentifier>{8e114980-c1a3-4ada-ad7c-83caadf5daeb}</UniqueIdentifier>
      <Extensions>rc;ico;cur;bmp;dlg;rc2;rct;bin;rgs;gif;jpg;jpeg;jpe</Extensions>
    </Filter>
    <Filter Include="DXUT">
      <UniqueIdentifier>{a43c5c25-0e86-4a20-b64a-883785ff74fd}</UniqueIdentifier>
    </Filter>
    <Filter Include="Shaders">
      <UniqueIdentifier>{2c3d4c8c-5d1a-459a-a05a-a4e4b608a44e}</UniqueIdentifier>
      <Extensions>fx;fxh;hlsl</Extensions>
    </Filter>
    <Filter Include="Game">
      <UniqueIdentifier>{45072c1e-2236-4843-a197-e1fcdf2efe0d}</UniqueIdentifier>
    </Filter>
    <Filter Include="Game\System">
      <UniqueIdentifier>{915927d3-5b3b-42a8-a983-e23b1cfb3bc3}</UniqueIdentifier>
    </Filter>
    <Filter Include="Game\Objects">
      <UniqueIdentifier>{137fc466-7dad-4a22-b4ba-8d41d7a03f49}</UniqueIdentifier>
    </Filter>
    <Filter Include="Game\Scene">
      <UniqueIdentifier>{c43d8f38-0ccb-42dc-bab4-c996d5f0c4be}</UniqueIdentifier>
    </Filter>
    <Filter Include="Game\Scene\Intro">
      <UniqueIdentifier>{dd602396-64af-4e0e-b20e-dded6a77f049}</UniqueIdentifier>
    </Filter>
    <Filter Include="Game\Scene\Menu">
      <UniqueIdentifier>{55bfe9c5-5316-4678-aa03-e0fc557b082d}</UniqueIdentifier>
    </Filter>
    <Filter Include="Game\Scene\Help">
      <UniqueIdentifier>{c8a98015-4dd2-44cf-81aa-409432fbba52}</UniqueIdentifier>
    </Filter>
    <Filter Include="Game\Scene\Stage1">
      <UniqueIdentifier>{176b9065-0ca7-45bd-95ec-a3660c9c9372}</UniqueIdentifier>
    </Filter>
    <Filter Include="Game\Scene\Stage2">
      <UniqueIdentifier>{f83152d9-eb86-49c6-a9d7-f02038097f1a}</UniqueIdentifier>
    </Filter>
    <Filter Include="Game\Scene\End">
      <UniqueIdentifier>{7b9be969-2b36-4c84-966b-cc1e4052ddc8}</UniqueIdentifier>
    </Filter>
    <Filter Include="Game\Objects\SceneChange">
      <UniqueIdentifier>{2b352bca-cb3b-4d86-bf77-60b81739b6db}</UniqueIdentifier>
    </Filter>
    <Filter Include="Game\Objects\Items">
      <UniqueIdentifier>{b5d3f107-a585-486c-964c-f4e757a99869}</UniqueIdentifier>
    </Filter>
    <Filter Include="Game\Objects\Enemy">
      <UniqueIdentifier>{89c97432-4c7b-4c94-a494-91a697eb4922}</UniqueIdentifier>
    </Filter>
    <Filter Include="Game\Objects\Effect">
      <UniqueIdentifier>{4dc5e7cb-8741-436b-b78b-54f8304f14a5}</UniqueIdentifier>
    </Filter>
  </ItemGroup>
  <ItemGroup>
    <None Include="DXUT\Optional\directx.ico">
      <Filter>Resource Files</Filter>
    </None>
    <ClInclude Include="DXUT\Core\DXUT.h">
      <Filter>DXUT</Filter>
    </ClInclude>
    <ClInclude Include="DXUT\Core\DXUTenum.h">
      <Filter>DXUT</Filter>
    </ClInclude>
    <ClInclude Include="DXUT\Core\DXUTmisc.h">
      <Filter>DXUT</Filter>
    </ClInclude>
    <ClCompile Include="DXUT\Core\DXUT.cpp">
      <Filter>DXUT</Filter>
    </ClCompile>
    <ClCompile Include="DXUT\Core\DXUTenum.cpp">
      <Filter>DXUT</Filter>
    </ClCompile>
    <ClCompile Include="DXUT\Core\DXUTmisc.cpp">
      <Filter>DXUT</Filter>
    </ClCompile>
    <ClInclude Include="DXUT\Optional\DXUTcamera.h">
      <Filter>DXUT</Filter>
    </ClInclude>
    <ClInclude Include="DXUT\Optional\DXUTgui.h">
      <Filter>DXUT</Filter>
    </ClInclude>
    <ClInclude Include="DXUT\Optional\DXUTres.h">
      <Filter>DXUT</Filter>
    </ClInclude>
    <ClInclude Include="DXUT\Optional\DXUTsettingsdlg.h">
      <Filter>DXUT</Filter>
    </ClInclude>
    <ClInclude Include="DXUT\Optional\SDKmesh.h">
      <Filter>DXUT</Filter>
    </ClInclude>
    <ClInclude Include="DXUT\Optional\SDKmisc.h">
      <Filter>DXUT</Filter>
    </ClInclude>
    <ClCompile Include="DXUT\Optional\DXUTcamera.cpp">
      <Filter>DXUT</Filter>
    </ClCompile>
    <ClCompile Include="DXUT\Optional\DXUTgui.cpp">
      <Filter>DXUT</Filter>
    </ClCompile>
    <ClCompile Include="DXUT\Optional\DXUTres.cpp">
      <Filter>DXUT</Filter>
    </ClCompile>
    <ClCompile Include="DXUT\Optional\DXUTsettingsdlg.cpp">
      <Filter>DXUT</Filter>
    </ClCompile>
    <ClCompile Include="DXUT\Optional\SDKmesh.cpp">
      <Filter>DXUT</Filter>
    </ClCompile>
    <ClCompile Include="DXUT\Optional\SDKmisc.cpp">
      <Filter>DXUT</Filter>
    </ClCompile>
  </ItemGroup>
  <ItemGroup>
    <ClCompile Include="127.cpp" />
    <ClCompile Include="GameSystem.cpp">
      <Filter>Game\System</Filter>
    </ClCompile>
    <ClCompile Include="GameMsgProc.cpp">
      <Filter>Game\System</Filter>
    </ClCompile>
    <ClCompile Include="IntroScene.cpp">
      <Filter>Game\Scene\Intro</Filter>
    </ClCompile>
    <ClCompile Include="IntroBG.cpp">
      <Filter>Game\Scene\Intro</Filter>
    </ClCompile>
    <ClCompile Include="MenuScene.cpp">
      <Filter>Game\Scene\Menu</Filter>
    </ClCompile>
    <ClCompile Include="HelpScene.cpp">
      <Filter>Game\Scene\Help</Filter>
    </ClCompile>
    <ClCompile Include="Stage1BG.cpp">
      <Filter>Game\Scene\Stage1</Filter>
    </ClCompile>
    <ClCompile Include="Stage1Player.cpp">
      <Filter>Game\Scene\Stage1</Filter>
    </ClCompile>
    <ClCompile Include="Stage1Scene.cpp">
      <Filter>Game\Scene\Stage1</Filter>
    </ClCompile>
    <ClCompile Include="Stage1Tile.cpp">
      <Filter>Game\Scene\Stage1</Filter>
    </ClCompile>
    <ClCompile Include="Stage1Boss.cpp">
      <Filter>Game\Scene\Stage1</Filter>
    </ClCompile>
    <ClCompile Include="Stage1InfectedBG.cpp">
      <Filter>Game\Scene\Stage1</Filter>
    </ClCompile>
    <ClCompile Include="Stage2BG.cpp">
      <Filter>Game\Scene\Stage2</Filter>
    </ClCompile>
    <ClCompile Include="Stage2Boss.cpp">
      <Filter>Game\Scene\Stage2</Filter>
    </ClCompile>
    <ClCompile Include="Stage2InfectedBG.cpp">
      <Filter>Game\Scene\Stage2</Filter>
    </ClCompile>
    <ClCompile Include="Stage2Player.cpp">
      <Filter>Game\Scene\Stage2</Filter>
    </ClCompile>
    <ClCompile Include="Stage2Scene.cpp">
      <Filter>Game\Scene\Stage2</Filter>
    </ClCompile>
    <ClCompile Include="Stage2Tile.cpp">
      <Filter>Game\Scene\Stage2</Filter>
    </ClCompile>
    <ClCompile Include="GameEndScene.cpp">
      <Filter>Game\Scene\End</Filter>
    </ClCompile>
    <ClCompile Include="IntroObj.cpp">
      <Filter>Game\Scene\Intro</Filter>
    </ClCompile>
    <ClCompile Include="SceneChangeObject.cpp">
      <Filter>Game\Objects\SceneChange</Filter>
    </ClCompile>
    <ClCompile Include="LowerObj.cpp">
      <Filter>Game\Objects\SceneChange</Filter>
    </ClCompile>
    <ClCompile Include="UpperObj.cpp">
      <Filter>Game\Objects\SceneChange</Filter>
    </ClCompile>
    <ClCompile Include="EndSceneObject.cpp">
      <Filter>Game\Scene\End</Filter>
    </ClCompile>
    <ClCompile Include="ExplosionObj.cpp">
      <Filter>Game\Objects\Effect</Filter>
    </ClCompile>
    <ClCompile Include="HPItem.cpp">
      <Filter>Game\Objects\Items</Filter>
    </ClCompile>
    <ClCompile Include="BigEnemy.cpp">
      <Filter>Game\Objects\Enemy</Filter>
    </ClCompile>
    <ClCompile Include="DodgeEnemy.cpp">
      <Filter>Game\Objects\Enemy</Filter>
    </ClCompile>
    <ClCompile Include="SmallEnemy.cpp">
      <Filter>Game\Objects\Enemy</Filter>
    </ClCompile>
    <ClCompile Include="HPEffect.cpp">
      <Filter>Game\Objects\Effect</Filter>
    </ClCompile>
    <ClCompile Include="ShieldEffect.cpp">
      <Filter>Game\Objects\Effect</Filter>
    </ClCompile>
  </ItemGroup>
  <ItemGroup>
    <CLInclude Include="resource.h">
      <Filter>Resource Files</Filter>
    </CLInclude>
    <ResourceCompile Include="127.rc">
      <Filter>Resource Files</Filter>
    </ResourceCompile>
    <ClInclude Include="GameSystem.h">
      <Filter>Game\System</Filter>
    </ClInclude>
    <ClInclude Include="stdafx.h">
      <Filter>Game\System</Filter>
    </ClInclude>
    <ClInclude Include="GameMsgProc.h">
      <Filter>Game\System</Filter>
    </ClInclude>
    <ClInclude Include="IntroScene.h">
      <Filter>Game\Scene\Intro</Filter>
    </ClInclude>
    <ClInclude Include="IntroBG.h">
      <Filter>Game\Scene\Intro</Filter>
    </ClInclude>
    <ClInclude Include="MenuScene.h">
      <Filter>Game\Scene\Menu</Filter>
    </ClInclude>
    <ClInclude Include="HelpScene.h">
      <Filter>Game\Scene\Help</Filter>
    </ClInclude>
    <ClInclude Include="Stage1BG.h">
      <Filter>Game\Scene\Stage1</Filter>
    </ClInclude>
    <ClInclude Include="Stage1Player.h">
      <Filter>Game\Scene\Stage1</Filter>
    </ClInclude>
    <ClInclude Include="Stage1Scene.h">
      <Filter>Game\Scene\Stage1</Filter>
    </ClInclude>
    <ClInclude Include="Stage1Tile.h">
      <Filter>Game\Scene\Stage1</Filter>
    </ClInclude>
    <ClInclude Include="Stage1Boss.h">
      <Filter>Game\Scene\Stage1</Filter>
    </ClInclude>
    <ClInclude Include="Stage1InfectedBG.h">
      <Filter>Game\Scene\Stage1</Filter>
    </ClInclude>
    <ClInclude Include="Stage2BG.h">
      <Filter>Game\Scene\Stage2</Filter>
    </ClInclude>
    <ClInclude Include="Stage2Boss.h">
      <Filter>Game\Scene\Stage2</Filter>
    </ClInclude>
    <ClInclude Include="Stage2InfectedBG.h">
      <Filter>Game\Scene\Stage2</Filter>
    </ClInclude>
    <ClInclude Include="Stage2Player.h">
      <Filter>Game\Scene\Stage2</Filter>
    </ClInclude>
    <ClInclude Include="Stage2Scene.h">
      <Filter>Game\Scene\Stage2</Filter>
    </ClInclude>
    <ClInclude Include="Stage2Tile.h">
      <Filter>Game\Scene\Stage2</Filter>
    </ClInclude>
    <ClInclude Include="GameEndScene.h">
      <Filter>Game\Scene\End</Filter>
    </ClInclude>
    <ClInclude Include="IntroObj.h">
      <Filter>Game\Scene\Intro</Filter>
    </ClInclude>
    <ClInclude Include="SceneChangeObject.h">
      <Filter>Game\Objects\SceneChange</Filter>
    </ClInclude>
    <ClInclude Include="LowerObj.h">
      <Filter>Game\Objects\SceneChange</Filter>
    </ClInclude>
    <ClInclude Include="UpperObj.h">
      <Filter>Game\Objects\SceneChange</Filter>
    </ClInclude>
    <ClInclude Include="EndSceneObject.h">
      <Filter>Game\Scene\End</Filter>
    </ClInclude>
    <ClInclude Include="ExplosionObj.h">
      <Filter>Game\Objects\Effect</Filter>
    </ClInclude>
    <ClInclude Include="HPItem.h">
      <Filter>Game\Objects\Items</Filter>
    </ClInclude>
    <ClInclude Include="BigEnemy.h">
      <Filter>Game\Objects\Enemy</Filter>
    </ClInclude>
    <ClInclude Include="DodgeEnemy.h">
      <Filter>Game\Objects\Enemy</Filter>
    </ClInclude>
    <ClInclude Include="SmallEnemy.h">
      <Filter>Game\Objects\Enemy</Filter>
    </ClInclude>
    <ClInclude Include="HPEffect.h">
      <Filter>Game\Objects\Effect</Filter>
    </ClInclude>
    <ClInclude Include="ShieldEffect.h">
      <Filter>Game\Objects\Effect</Filter>
    </ClInclude>
  </ItemGroup>
  <ItemGroup>
  </ItemGroup>
</Project>